
Microsoft Visual Studio Solution File, Format Version 12.00
# Visual Studio 15
Project("{FAE04EC0-301F-11D3-BF4B-00C04F79EFBC}") = "TCache", "TCache\TCache.csproj", "{CB00124C-A962-4883-9133-7EED3882440A}"
EndProject
Project("{FAE04EC0-301F-11D3-BF4B-00C04F79EFBC}") = "TCache.Tests", "TCache.Tests\TCache.Tests.csproj", "{C9E3B579-5A2E-4B2E-8BA5-3E3C5729C541}"
EndProject
Project("{2150E333-8FDC-42A3-9474-1A3956D46DE8}") = "Solution Items", "Solution Items", "{3F6372DE-A8DA-43E0-9A41-0D733F982696}"
	ProjectSection(SolutionItems) = preProject
		README.md = README.md
		LICENSE = LICENSE
	EndProjectSection
EndProject
Global
	GlobalSection(SolutionConfigurationPlatforms) = preSolution
		Debug|Any CPU = Debug|Any CPU
		Release|Any CPU = Release|Any CPU
	EndGlobalSection
	GlobalSection(ProjectConfigurationPlatforms) = postSolution
		{EBCD4D18-A43D-45C2-B99F-3C687910BB6B}.Debug|Any CPU.ActiveCfg = Debug|Any CPU
		{EBCD4D18-A43D-45C2-B99F-3C687910BB6B}.Debug|Any CPU.Build.0 = Debug|Any CPU
		{EBCD4D18-A43D-45C2-B99F-3C687910BB6B}.Release|Any CPU.ActiveCfg = Release|Any CPU
		{EBCD4D18-A43D-45C2-B99F-3C687910BB6B}.Release|Any CPU.Build.0 = Release|Any CPU
		{CB00124C-A962-4883-9133-7EED3882440A}.Debug|Any CPU.ActiveCfg = Debug|Any CPU
		{CB00124C-A962-4883-9133-7EED3882440A}.Debug|Any CPU.Build.0 = Debug|Any CPU
		{CB00124C-A962-4883-9133-7EED3882440A}.Release|Any CPU.ActiveCfg = Release|Any CPU
		{CB00124C-A962-4883-9133-7EED3882440A}.Release|Any CPU.Build.0 = Release|Any CPU
		{C9E3B579-5A2E-4B2E-8BA5-3E3C5729C541}.Debug|Any CPU.ActiveCfg = Debug|Any CPU
		{C9E3B579-5A2E-4B2E-8BA5-3E3C5729C541}.Debug|Any CPU.Build.0 = Debug|Any CPU
		{C9E3B579-5A2E-4B2E-8BA5-3E3C5729C541}.Release|Any CPU.ActiveCfg = Release|Any CPU
		{C9E3B579-5A2E-4B2E-8BA5-3E3C5729C541}.Release|Any CPU.Build.0 = Release|Any CPU
	EndGlobalSection
EndGlobal
